
Microsoft Visual Studio Solution File, Format Version 12.00
# Visual Studio 15
VisualStudioVersion = 15.0.26730.8
MinimumVisualStudioVersion = 10.0.40219.1
Project("{FAE04EC0-301F-11D3-BF4B-00C04F79EFBC}") = "eShopLegacyWebForms", "src\eShopLegacyWebForms\eShopLegacyWebForms.csproj", "{4416714A-9BB8-480B-95B3-C2599598E3EC}"
EndProject
Global
	GlobalSection(SolutionConfigurationPlatforms) = preSolution
		Debug|Any CPU = Debug|Any CPU
		Release|Any CPU = Release|Any CPU
	EndGlobalSection
	GlobalSection(ProjectConfigurationPlatforms) = postSolution
		{4416714A-9BB8-480B-95B3-C2599598E3EC}.Debug|Any CPU.ActiveCfg = Debug|Any CPU
		{4416714A-9BB8-480B-95B3-C2599598E3EC}.Debug|Any CPU.Build.0 = Debug|Any CPU
		{4416714A-9BB8-480B-95B3-C2599598E3EC}.Release|Any CPU.ActiveCfg = Release|Any CPU
		{4416714A-9BB8-480B-95B3-C2599598E3EC}.Release|Any CPU.Build.0 = Release|Any CPU
	EndGlobalSection
	GlobalSection(SolutionProperties) = preSolution
		HideSolutionNode = FALSE
	EndGlobalSection
	GlobalSection(ExtensibilityGlobals) = postSolution
		SolutionGuid = {7BB9F6BE-2470-4251-80B7-0825E02EEA6F}
	EndGlobalSection
EndGlobal
