
Microsoft Visual Studio Solution File, Format Version 12.00
# Visual Studio 15
VisualStudioVersion = 15.0.26730.12
MinimumVisualStudioVersion = 10.0.40219.1
Project("{FAE04EC0-301F-11D3-BF4B-00C04F79EFBC}") = "eShopModernizedMVC", "src\eShopModernizedMVC\eShopModernizedMVC.csproj", "{C4E50A92-30E2-4592-9A9A-A9D2B1B13A7E}"
EndProject
Project("{E53339B2-1760-4266-BCC7-CA923CBCF16C}") = "docker-compose", "docker-compose.dcproj", "{BC5D671B-DCEB-4F3D-B307-DB47ADA44577}"
EndProject
Global
	GlobalSection(SolutionConfigurationPlatforms) = preSolution
		Debug|Any CPU = Debug|Any CPU
		Debug|x64 = Debug|x64
		Release|Any CPU = Release|Any CPU
		Release|x64 = Release|x64
	EndGlobalSection
	GlobalSection(ProjectConfigurationPlatforms) = postSolution
		{C4E50A92-30E2-4592-9A9A-A9D2B1B13A7E}.Debug|Any CPU.ActiveCfg = Debug|Any CPU
		{C4E50A92-30E2-4592-9A9A-A9D2B1B13A7E}.Debug|Any CPU.Build.0 = Debug|Any CPU
		{C4E50A92-30E2-4592-9A9A-A9D2B1B13A7E}.Debug|x64.ActiveCfg = Debug|Any CPU
		{C4E50A92-30E2-4592-9A9A-A9D2B1B13A7E}.Debug|x64.Build.0 = Debug|Any CPU
		{C4E50A92-30E2-4592-9A9A-A9D2B1B13A7E}.Release|Any CPU.ActiveCfg = Release|Any CPU
		{C4E50A92-30E2-4592-9A9A-A9D2B1B13A7E}.Release|Any CPU.Build.0 = Release|Any CPU
		{C4E50A92-30E2-4592-9A9A-A9D2B1B13A7E}.Release|x64.ActiveCfg = Release|Any CPU
		{C4E50A92-30E2-4592-9A9A-A9D2B1B13A7E}.Release|x64.Build.0 = Release|Any CPU
		{BC5D671B-DCEB-4F3D-B307-DB47ADA44577}.Debug|Any CPU.ActiveCfg = Debug|Any CPU
		{BC5D671B-DCEB-4F3D-B307-DB47ADA44577}.Debug|Any CPU.Build.0 = Debug|Any CPU
		{BC5D671B-DCEB-4F3D-B307-DB47ADA44577}.Debug|x64.ActiveCfg = Debug|Any CPU
		{BC5D671B-DCEB-4F3D-B307-DB47ADA44577}.Debug|x64.Build.0 = Debug|Any CPU
		{BC5D671B-DCEB-4F3D-B307-DB47ADA44577}.Release|Any CPU.ActiveCfg = Release|Any CPU
		{BC5D671B-DCEB-4F3D-B307-DB47ADA44577}.Release|Any CPU.Build.0 = Release|Any CPU
		{BC5D671B-DCEB-4F3D-B307-DB47ADA44577}.Release|x64.ActiveCfg = Release|Any CPU
		{BC5D671B-DCEB-4F3D-B307-DB47ADA44577}.Release|x64.Build.0 = Release|Any CPU
	EndGlobalSection
	GlobalSection(SolutionProperties) = preSolution
		HideSolutionNode = FALSE
	EndGlobalSection
	GlobalSection(ExtensibilityGlobals) = postSolution
		SolutionGuid = {CF2C2E3F-22E9-45EB-8EC1-A670ADC9762D}
	EndGlobalSection
EndGlobal
