
Microsoft Visual Studio Solution File, Format Version 12.00
# Visual Studio Version 17
VisualStudioVersion = 17.5.33002.27
MinimumVisualStudioVersion = 10.0.40219.1
Project("{FAE04EC0-301F-11D3-BF4B-00C04F79EFBC}") = "eShopModernizedWebForms", "src\eShopModernizedWebForms\eShopModernizedWebForms.csproj", "{4416714A-9BB8-480B-95B3-C2599598E3EC}"
EndProject
Project("{9A19103F-16F7-4668-BE54-9A1E7A4F7556}") = "eShopModernizedWebFormsCore", "eShopModernizedWebFormsCore\eShopModernizedWebFormsCore.csproj", "{3EC65362-D482-4F1A-8E64-5DBF6A3F04A2}"
EndProject
Project("{2150E333-8FDC-42A3-9474-1A3956D46DE8}") = "Solution Items", "Solution Items", "{361A6468-86C0-405A-AA04-E5894099D54D}"
	ProjectSection(SolutionItems) = preProject
		Directory.Build.props = Directory.Build.props
	EndProjectSection
EndProject
Project("{FAE04EC0-301F-11D3-BF4B-00C04F79EFBC}") = "eShopModels", "eShopModels\eShopModels.csproj", "{8453BB03-E3F1-4F34-A525-9B713B637F8C}"
EndProject
Global
	GlobalSection(SolutionConfigurationPlatforms) = preSolution
		Debug|Any CPU = Debug|Any CPU
		Release|Any CPU = Release|Any CPU
	EndGlobalSection
	GlobalSection(ProjectConfigurationPlatforms) = postSolution
		{4416714A-9BB8-480B-95B3-C2599598E3EC}.Debug|Any CPU.ActiveCfg = Debug|Any CPU
		{4416714A-9BB8-480B-95B3-C2599598E3EC}.Debug|Any CPU.Build.0 = Debug|Any CPU
		{4416714A-9BB8-480B-95B3-C2599598E3EC}.Release|Any CPU.ActiveCfg = Release|Any CPU
		{4416714A-9BB8-480B-95B3-C2599598E3EC}.Release|Any CPU.Build.0 = Release|Any CPU
		{3EC65362-D482-4F1A-8E64-5DBF6A3F04A2}.Debug|Any CPU.ActiveCfg = Debug|Any CPU
		{3EC65362-D482-4F1A-8E64-5DBF6A3F04A2}.Debug|Any CPU.Build.0 = Debug|Any CPU
		{3EC65362-D482-4F1A-8E64-5DBF6A3F04A2}.Release|Any CPU.ActiveCfg = Release|Any CPU
		{3EC65362-D482-4F1A-8E64-5DBF6A3F04A2}.Release|Any CPU.Build.0 = Release|Any CPU
		{8453BB03-E3F1-4F34-A525-9B713B637F8C}.Debug|Any CPU.ActiveCfg = Debug|Any CPU
		{8453BB03-E3F1-4F34-A525-9B713B637F8C}.Debug|Any CPU.Build.0 = Debug|Any CPU
		{8453BB03-E3F1-4F34-A525-9B713B637F8C}.Release|Any CPU.ActiveCfg = Release|Any CPU
		{8453BB03-E3F1-4F34-A525-9B713B637F8C}.Release|Any CPU.Build.0 = Release|Any CPU
	EndGlobalSection
	GlobalSection(SolutionProperties) = preSolution
		HideSolutionNode = FALSE
	EndGlobalSection
	GlobalSection(ExtensibilityGlobals) = postSolution
		SolutionGuid = {7BB9F6BE-2470-4251-80B7-0825E02EEA6F}
	EndGlobalSection
EndGlobal
